// !$*UTF8*$!
{
	archiveVersion = 1;
	classes = {
	};
	objectVersion = 46;
	objects = {

/* Begin PBXBuildFile section */
		A31CF8E919D09C5D00A93357 /* AppDelegate.swift in Sources */ = {isa = PBXBuildFile; fileRef = A31CF8E819D09C5D00A93357 /* AppDelegate.swift */; };
		A31CF8EB19D09C5D00A93357 /* ViewController.swift in Sources */ = {isa = PBXBuildFile; fileRef = A31CF8EA19D09C5D00A93357 /* ViewController.swift */; };
		A31CF8EE19D09C5D00A93357 /* Main.storyboard in Resources */ = {isa = PBXBuildFile; fileRef = A31CF8EC19D09C5D00A93357 /* Main.storyboard */; };
		A31CF8F019D09C5D00A93357 /* Images.xcassets in Resources */ = {isa = PBXBuildFile; fileRef = A31CF8EF19D09C5D00A93357 /* Images.xcassets */; };
		A31CF8F319D09C5D00A93357 /* LaunchScreen.xib in Resources */ = {isa = PBXBuildFile; fileRef = A31CF8F119D09C5D00A93357 /* LaunchScreen.xib */; };
		A31CF8FF19D09C5D00A93357 /* Record_Video_With_SwiftTests.swift in Sources */ = {isa = PBXBuildFile; fileRef = A31CF8FE19D09C5D00A93357 /* Record_Video_With_SwiftTests.swift */; };
/* End PBXBuildFile section */

/* Begin PBXContainerItemProxy section */
		A31CF8F919D09C5D00A93357 /* PBXContainerItemProxy */ = {
			isa = PBXContainerItemProxy;
			containerPortal = A31CF8DB19D09C5D00A93357 /* Project object */;
			proxyType = 1;
			remoteGlobalIDString = A31CF8E219D09C5D00A93357;
			remoteInfo = "Record Video With Swift";
		};
/* End PBXContainerItemProxy section */

/* Begin PBXFileReference section */
		A31CF8E319D09C5D00A93357 /* Record Video With Swift.app */ = {isa = PBXFileReference; explicitFileType = wrapper.application; includeInIndex = 0; path = "Record Video With Swift.app"; sourceTree = BUILT_PRODUCTS_DIR; };
		A31CF8E719D09C5D00A93357 /* Info.plist */ = {isa = PBXFileReference; lastKnownFileType = text.plist.xml; path = Info.plist; sourceTree = "<group>"; };
		A31CF8E819D09C5D00A93357 /* AppDelegate.swift */ = {isa = PBXFileReference; lastKnownFileType = sourcecode.swift; path = AppDelegate.swift; sourceTree = "<group>"; };
		A31CF8EA19D09C5D00A93357 /* ViewController.swift */ = {isa = PBXFileReference; lastKnownFileType = sourcecode.swift; path = ViewController.swift; sourceTree = "<group>"; };
		A31CF8ED19D09C5D00A93357 /* Base */ = {isa = PBXFileReference; lastKnownFileType = file.storyboard; name = Base; path = Base.lproj/Main.storyboard; sourceTree = "<group>"; };
		A31CF8EF19D09C5D00A93357 /* Images.xcassets */ = {isa = PBXFileReference; lastKnownFileType = folder.assetcatalog; path = Images.xcassets; sourceTree = "<group>"; };
		A31CF8F219D09C5D00A93357 /* Base */ = {isa = PBXFileReference; lastKnownFileType = file.xib; name = Base; path = Base.lproj/LaunchScreen.xib; sourceTree = "<group>"; };
		A31CF8F819D09C5D00A93357 /* Record Video With SwiftTests.xctest */ = {isa = PBXFileReference; explicitFileType = wrapper.cfbundle; includeInIndex = 0; path = "Record Video With SwiftTests.xctest"; sourceTree = BUILT_PRODUCTS_DIR; };
		A31CF8FD19D09C5D00A93357 /* Info.plist */ = {isa = PBXFileReference; lastKnownFileType = text.plist.xml; path = Info.plist; sourceTree = "<group>"; };
		A31CF8FE19D09C5D00A93357 /* Record_Video_With_SwiftTests.swift */ = {isa = PBXFileReference; lastKnownFileType = sourcecode.swift; path = Record_Video_With_SwiftTests.swift; sourceTree = "<group>"; };
/* End PBXFileReference section */

/* Begin PBXFrameworksBuildPhase section */
		A31CF8E019D09C5D00A93357 /* Frameworks */ = {
			isa = PBXFrameworksBuildPhase;
			buildActionMask = 2147483647;
			files = (
			);
			runOnlyForDeploymentPostprocessing = 0;
		};
		A31CF8F519D09C5D00A93357 /* Frameworks */ = {
			isa = PBXFrameworksBuildPhase;
			buildActionMask = 2147483647;
			files = (
			);
			runOnlyForDeploymentPostprocessing = 0;
		};
/* End PBXFrameworksBuildPhase section */

/* Begin PBXGroup section */
		A31CF8DA19D09C5D00A93357 = {
			isa = PBXGroup;
			children = (
				A31CF8E519D09C5D00A93357 /* Record Video With Swift */,
				A31CF8FB19D09C5D00A93357 /* Record Video With SwiftTests */,
				A31CF8E419D09C5D00A93357 /* Products */,
			);
			sourceTree = "<group>";
		};
		A31CF8E419D09C5D00A93357 /* Products */ = {
			isa = PBXGroup;
			children = (
				A31CF8E319D09C5D00A93357 /* Record Video With Swift.app */,
				A31CF8F819D09C5D00A93357 /* Record Video With SwiftTests.xctest */,
			);
			name = Products;
			sourceTree = "<group>";
		};
		A31CF8E519D09C5D00A93357 /* Record Video With Swift */ = {
			isa = PBXGroup;
			children = (
				A31CF8E819D09C5D00A93357 /* AppDelegate.swift */,
				A31CF8EA19D09C5D00A93357 /* ViewController.swift */,
				A31CF8EC19D09C5D00A93357 /* Main.storyboard */,
				A31CF8EF19D09C5D00A93357 /* Images.xcassets */,
				A31CF8F119D09C5D00A93357 /* LaunchScreen.xib */,
				A31CF8E619D09C5D00A93357 /* Supporting Files */,
			);
			path = "Record Video With Swift";
			sourceTree = "<group>";
		};
		A31CF8E619D09C5D00A93357 /* Supporting Files */ = {
			isa = PBXGroup;
			children = (
				A31CF8E719D09C5D00A93357 /* Info.plist */,
			);
			name = "Supporting Files";
			sourceTree = "<group>";
		};
		A31CF8FB19D09C5D00A93357 /* Record Video With SwiftTests */ = {
			isa = PBXGroup;
			children = (
				A31CF8FE19D09C5D00A93357 /* Record_Video_With_SwiftTests.swift */,
				A31CF8FC19D09C5D00A93357 /* Supporting Files */,
			);
			path = "Record Video With SwiftTests";
			sourceTree = "<group>";
		};
		A31CF8FC19D09C5D00A93357 /* Supporting Files */ = {
			isa = PBXGroup;
			children = (
				A31CF8FD19D09C5D00A93357 /* Info.plist */,
			);
			name = "Supporting Files";
			sourceTree = "<group>";
		};
/* End PBXGroup section */

/* Begin PBXNativeTarget section */
		A31CF8E219D09C5D00A93357 /* Record Video With Swift */ = {
			isa = PBXNativeTarget;
			buildConfigurationList = A31CF90219D09C5D00A93357 /* Build configuration list for PBXNativeTarget "Record Video With Swift" */;
			buildPhases = (
				A31CF8DF19D09C5D00A93357 /* Sources */,
				A31CF8E019D09C5D00A93357 /* Frameworks */,
				A31CF8E119D09C5D00A93357 /* Resources */,
			);
			buildRules = (
			);
			dependencies = (
			);
			name = "Record Video With Swift";
			productName = "Record Video With Swift";
			productReference = A31CF8E319D09C5D00A93357 /* Record Video With Swift.app */;
			productType = "com.apple.product-type.application";
		};
		A31CF8F719D09C5D00A93357 /* Record Video With SwiftTests */ = {
			isa = PBXNativeTarget;
			buildConfigurationList = A31CF90519D09C5D00A93357 /* Build configuration list for PBXNativeTarget "Record Video With SwiftTests" */;
			buildPhases = (
				A31CF8F419D09C5D00A93357 /* Sources */,
				A31CF8F519D09C5D00A93357 /* Frameworks */,
				A31CF8F619D09C5D00A93357 /* Resources */,
			);
			buildRules = (
			);
			dependencies = (
				A31CF8FA19D09C5D00A93357 /* PBXTargetDependency */,
			);
			name = "Record Video With SwiftTests";
			productName = "Record Video With SwiftTests";
			productReference = A31CF8F819D09C5D00A93357 /* Record Video With SwiftTests.xctest */;
			productType = "com.apple.product-type.bundle.unit-test";
		};
/* End PBXNativeTarget section */

/* Begin PBXProject section */
		A31CF8DB19D09C5D00A93357 /* Project object */ = {
			isa = PBXProject;
			attributes = {
				LastUpgradeCheck = 0600;
				ORGANIZATIONNAME = "Raj Bala";
				TargetAttributes = {
					A31CF8E219D09C5D00A93357 = {
						CreatedOnToolsVersion = 6.0;
					};
					A31CF8F719D09C5D00A93357 = {
						CreatedOnToolsVersion = 6.0;
						TestTargetID = A31CF8E219D09C5D00A93357;
					};
				};
			};
			buildConfigurationList = A31CF8DE19D09C5D00A93357 /* Build configuration list for PBXProject "Record Video With Swift" */;
			compatibilityVersion = "Xcode 3.2";
			developmentRegion = English;
			hasScannedForEncodings = 0;
			knownRegions = (
				en,
				Base,
			);
			mainGroup = A31CF8DA19D09C5D00A93357;
			productRefGroup = A31CF8E419D09C5D00A93357 /* Products */;
			projectDirPath = "";
			projectRoot = "";
			targets = (
				A31CF8E219D09C5D00A93357 /* Record Video With Swift */,
				A31CF8F719D09C5D00A93357 /* Record Video With SwiftTests */,
			);
		};
/* End PBXProject section */

/* Begin PBXResourcesBuildPhase section */
		A31CF8E119D09C5D00A93357 /* Resources */ = {
			isa = PBXResourcesBuildPhase;
			buildActionMask = 2147483647;
			files = (
				A31CF8EE19D09C5D00A93357 /* Main.storyboard in Resources */,
				A31CF8F319D09C5D00A93357 /* LaunchScreen.xib in Resources */,
				A31CF8F019D09C5D00A93357 /* Images.xcassets in Resources */,
			);
			runOnlyForDeploymentPostprocessing = 0;
		};
		A31CF8F619D09C5D00A93357 /* Resources */ = {
			isa = PBXResourcesBuildPhase;
			buildActionMask = 2147483647;
			files = (
			);
			runOnlyForDeploymentPostprocessing = 0;
		};
/* End PBXResourcesBuildPhase section */

/* Begin PBXSourcesBuildPhase section */
		A31CF8DF19D09C5D00A93357 /* Sources */ = {
			isa = PBXSourcesBuildPhase;
			buildActionMask = 2147483647;
			files = (
				A31CF8EB19D09C5D00A93357 /* ViewController.swift in Sources */,
				A31CF8E919D09C5D00A93357 /* AppDelegate.swift in Sources */,
			);
			runOnlyForDeploymentPostprocessing = 0;
		};
		A31CF8F419D09C5D00A93357 /* Sources */ = {
			isa = PBXSourcesBuildPhase;
			buildActionMask = 2147483647;
			files = (
				A31CF8FF19D09C5D00A93357 /* Record_Video_With_SwiftTests.swift in Sources */,
			);
			runOnlyForDeploymentPostprocessing = 0;
		};
/* End PBXSourcesBuildPhase section */

/* Begin PBXTargetDependency section */
		A31CF8FA19D09C5D00A93357 /* PBXTargetDependency */ = {
			isa = PBXTargetDependency;
			target = A31CF8E219D09C5D00A93357 /* Record Video With Swift */;
			targetProxy = A31CF8F919D09C5D00A93357 /* PBXContainerItemProxy */;
		};
/* End PBXTargetDependency section */

/* Begin PBXVariantGroup section */
		A31CF8EC19D09C5D00A93357 /* Main.storyboard */ = {
			isa = PBXVariantGroup;
			children = (
				A31CF8ED19D09C5D00A93357 /* Base */,
			);
			name = Main.storyboard;
			sourceTree = "<group>";
		};
		A31CF8F119D09C5D00A93357 /* LaunchScreen.xib */ = {
			isa = PBXVariantGroup;
			children = (
				A31CF8F219D09C5D00A93357 /* Base */,
			);
			name = LaunchScreen.xib;
			sourceTree = "<group>";
		};
/* End PBXVariantGroup section */

/* Begin XCBuildConfiguration section */
		A31CF90019D09C5D00A93357 /* Debug */ = {
			isa = XCBuildConfiguration;
			buildSettings = {
				ALWAYS_SEARCH_USER_PATHS = NO;
				CLANG_CXX_LANGUAGE_STANDARD = "gnu++0x";
				CLANG_CXX_LIBRARY = "libc++";
				CLANG_ENABLE_MODULES = YES;
				CLANG_ENABLE_OBJC_ARC = YES;
				CLANG_WARN_BOOL_CONVERSION = YES;
				CLANG_WARN_CONSTANT_CONVERSION = YES;
				CLANG_WARN_DIRECT_OBJC_ISA_USAGE = YES_ERROR;
				CLANG_WARN_EMPTY_BODY = YES;
				CLANG_WARN_ENUM_CONVERSION = YES;
				CLANG_WARN_INT_CONVERSION = YES;
				CLANG_WARN_OBJC_ROOT_CLASS = YES_ERROR;
				CLANG_WARN_UNREACHABLE_CODE = YES;
				CLANG_WARN__DUPLICATE_METHOD_MATCH = YES;
				"CODE_SIGN_IDENTITY[sdk=iphoneos*]" = "iPhone Developer";
				COPY_PHASE_STRIP = NO;
				ENABLE_STRICT_OBJC_MSGSEND = YES;
				GCC_C_LANGUAGE_STANDARD = gnu99;
				GCC_DYNAMIC_NO_PIC = NO;
				GCC_OPTIMIZATION_LEVEL = 0;
				GCC_PREPROCESSOR_DEFINITIONS = (
					"DEBUG=1",
					"$(inherited)",
				);
				GCC_SYMBOLS_PRIVATE_EXTERN = NO;
				GCC_WARN_64_TO_32_BIT_CONVERSION = YES;
				GCC_WARN_ABOUT_RETURN_TYPE = YES_ERROR;
				GCC_WARN_UNDECLARED_SELECTOR = YES;
				GCC_WARN_UNINITIALIZED_AUTOS = YES_AGGRESSIVE;
				GCC_WARN_UNUSED_FUNCTION = YES;
				GCC_WARN_UNUSED_VARIABLE = YES;
				IPHONEOS_DEPLOYMENT_TARGET = 8.0;
				MTL_ENABLE_DEBUG_INFO = YES;
				ONLY_ACTIVE_ARCH = YES;
				SDKROOT = iphoneos;
				SWIFT_OPTIMIZATION_LEVEL = "-Onone";
			};
			name = Debug;
		};
		A31CF90119D09C5D00A93357 /* Release */ = {
			isa = XCBuildConfiguration;
			buildSettings = {
				ALWAYS_SEARCH_USER_PATHS = NO;
				CLANG_CXX_LANGUAGE_STANDARD = "gnu++0x";
				CLANG_CXX_LIBRARY = "libc++";
				CLANG_ENABLE_MODULES = YES;
				CLANG_ENABLE_OBJC_ARC = YES;
				CLANG_WARN_BOOL_CONVERSION = YES;
				CLANG_WARN_CONSTANT_CONVERSION = YES;
				CLANG_WARN_DIRECT_OBJC_ISA_USAGE = YES_ERROR;
				CLANG_WARN_EMPTY_BODY = YES;
				CLANG_WARN_ENUM_CONVERSION = YES;
				CLANG_WARN_INT_CONVERSION = YES;
				CLANG_WARN_OBJC_ROOT_CLASS = YES_ERROR;
				CLANG_WARN_UNREACHABLE_CODE = YES;
				CLANG_WARN__DUPLICATE_METHOD_MATCH = YES;
				"CODE_SIGN_IDENTITY[sdk=iphoneos*]" = "iPhone Developer";
				COPY_PHASE_STRIP = YES;
				ENABLE_NS_ASSERTIONS = NO;
				ENABLE_STRICT_OBJC_MSGSEND = YES;
				GCC_C_LANGUAGE_STANDARD = gnu99;
				GCC_WARN_64_TO_32_BIT_CONVERSION = YES;
				GCC_WARN_ABOUT_RETURN_TYPE = YES_ERROR;
				GCC_WARN_UNDECLARED_SELECTOR = YES;
				GCC_WARN_UNINITIALIZED_AUTOS = YES_AGGRESSIVE;
				GCC_WARN_UNUSED_FUNCTION = YES;
				GCC_WARN_UNUSED_VARIABLE = YES;
				IPHONEOS_DEPLOYMENT_TARGET = 8.0;
				MTL_ENABLE_DEBUG_INFO = NO;
				SDKROOT = iphoneos;
				VALIDATE_PRODUCT = YES;
			};
			name = Release;
		};
		A31CF90319D09C5D00A93357 /* Debug */ = {
			isa = XCBuildConfiguration;
			buildSettings = {
				ASSETCATALOG_COMPILER_APPICON_NAME = AppIcon;
				CODE_SIGN_IDENTITY = "iPhone Developer";
				INFOPLIST_FILE = "Record Video With Swift/Info.plist";
				LD_RUNPATH_SEARCH_PATHS = "$(inherited) @executable_path/Frameworks";
				PRODUCT_NAME = "$(TARGET_NAME)";
			};
			name = Debug;
		};
		A31CF90419D09C5D00A93357 /* Release */ = {
			isa = XCBuildConfiguration;
			buildSettings = {
				ASSETCATALOG_COMPILER_APPICON_NAME = AppIcon;
				CODE_SIGN_IDENTITY = "iPhone Developer";
				INFOPLIST_FILE = "Record Video With Swift/Info.plist";
				LD_RUNPATH_SEARCH_PATHS = "$(inherited) @executable_path/Frameworks";
				PRODUCT_NAME = "$(TARGET_NAME)";
			};
			name = Release;
		};
		A31CF90619D09C5D00A93357 /* Debug */ = {
			isa = XCBuildConfiguration;
			buildSettings = {
				BUNDLE_LOADER = "$(TEST_HOST)";
				FRAMEWORK_SEARCH_PATHS = (
					"$(SDKROOT)/Developer/Library/Frameworks",
					"$(inherited)",
				);
				GCC_PREPROCESSOR_DEFINITIONS = (
					"DEBUG=1",
					"$(inherited)",
				);
				INFOPLIST_FILE = "Record Video With SwiftTests/Info.plist";
				LD_RUNPATH_SEARCH_PATHS = "$(inherited) @executable_path/Frameworks @loader_path/Frameworks";
				PRODUCT_NAME = "$(TARGET_NAME)";
				TEST_HOST = "$(BUILT_PRODUCTS_DIR)/Record Video With Swift.app/Record Video With Swift";
			};
			name = Debug;
		};
		A31CF90719D09C5D00A93357 /* Release */ = {
			isa = XCBuildConfiguration;
			buildSettings = {
				BUNDLE_LOADER = "$(TEST_HOST)";
				FRAMEWORK_SEARCH_PATHS = (
					"$(SDKROOT)/Developer/Library/Frameworks",
					"$(inherited)",
				);
				INFOPLIST_FILE = "Record Video With SwiftTests/Info.plist";
				LD_RUNPATH_SEARCH_PATHS = "$(inherited) @executable_path/Frameworks @loader_path/Frameworks";
				PRODUCT_NAME = "$(TARGET_NAME)";
				TEST_HOST = "$(BUILT_PRODUCTS_DIR)/Record Video With Swift.app/Record Video With Swift";
			};
			name = Release;
		};
/* End XCBuildConfiguration section */

/* Begin XCConfigurationList section */
		A31CF8DE19D09C5D00A93357 /* Build configuration list for PBXProject "Record Video With Swift" */ = {
			isa = XCConfigurationList;
			buildConfigurations = (
				A31CF90019D09C5D00A93357 /* Debug */,
				A31CF90119D09C5D00A93357 /* Release */,
			);
			defaultConfigurationIsVisible = 0;
			defaultConfigurationName = Release;
		};
		A31CF90219D09C5D00A93357 /* Build configuration list for PBXNativeTarget "Record Video With Swift" */ = {
			isa = XCConfigurationList;
			buildConfigurations = (
				A31CF90319D09C5D00A93357 /* Debug */,
				A31CF90419D09C5D00A93357 /* Release */,
			);
			defaultConfigurationIsVisible = 0;
		};
		A31CF90519D09C5D00A93357 /* Build configuration list for PBXNativeTarget "Record Video With SwiftTests" */ = {
			isa = XCConfigurationList;
			buildConfigurations = (
				A31CF90619D09C5D00A93357 /* Debug */,
				A31CF90719D09C5D00A93357 /* Release */,
			);
			defaultConfigurationIsVisible = 0;
		};
/* End XCConfigurationList section */
	};
	rootObject = A31CF8DB19D09C5D00A93357 /* Project object */;
}
